
Microsoft Visual Studio Solution File, Format Version 12.00
# Visual Studio Version 17
VisualStudioVersion = 17.0.31903.59
MinimumVisualStudioVersion = 10.0.40219.1
Project("{2150E333-8FDC-42A3-9474-1A3956D46DE8}") = "src", "src", "{827E0CD3-B72D-47B6-A68D-7590B98EB39B}"
EndProject
Project("{FAE04EC0-301F-11D3-BF4B-00C04F79EFBC}") = "PhoneBook.Domain", "src\PhoneBook.Domain\PhoneBook.Domain.csproj", "{730A9848-6BCD-4277-99DA-11C63EC42BFE}"
EndProject
Project("{FAE04EC0-301F-11D3-BF4B-00C04F79EFBC}") = "PhoneBook.Infrastructure", "src\PhoneBook.Infrastructure\PhoneBook.Infrastructure.csproj", "{E2C0AF18-7F5D-4804-B2B9-FD4019529614}"
EndProject
Project("{FAE04EC0-301F-11D3-BF4B-00C04F79EFBC}") = "PhoneBook.Core", "src\PhoneBook.Core\PhoneBook.Core.csproj", "{E284DF96-8F6A-41AD-AFB8-B9C66342A6AF}"
EndProject
Project("{FAE04EC0-301F-11D3-BF4B-00C04F79EFBC}") = "PhoneBook.Export.OpenXml", "src\PhoneBook.Export.OpenXml\PhoneBook.Export.OpenXml.csproj", "{DE136BA6-89B6-43D7-824C-CC78AB43D112}"
EndProject
Project("{FAE04EC0-301F-11D3-BF4B-00C04F79EFBC}") = "PhoneBook.Export.Image", "src\PhoneBook.Export.Image\PhoneBook.Export.Image.csproj", "{210499D3-1104-43DB-9BD0-BD73C4C3A23C}"
EndProject
Project("{FAE04EC0-301F-11D3-BF4B-00C04F79EFBC}") = "PhoneBook.Web", "src\PhoneBook.Web\PhoneBook.Web.csproj", "{5C5CA262-F5C3-4E5F-BEE4-6E82FA355EE4}"
EndProject
Project("{FAE04EC0-301F-11D3-BF4B-00C04F79EFBC}") = "PhoneBook.Tests", "src\PhoneBook.Tests\PhoneBook.Tests.csproj", "{4C4A8B8E-C96C-4BAF-AAA7-D69C8ED6F891}"
EndProject
Global
	GlobalSection(SolutionConfigurationPlatforms) = preSolution
		Debug|Any CPU = Debug|Any CPU
		Debug|x64 = Debug|x64
		Debug|x86 = Debug|x86
		Release|Any CPU = Release|Any CPU
		Release|x64 = Release|x64
		Release|x86 = Release|x86
	EndGlobalSection
	GlobalSection(ProjectConfigurationPlatforms) = postSolution
		{730A9848-6BCD-4277-99DA-11C63EC42BFE}.Debug|Any CPU.ActiveCfg = Debug|Any CPU
		{730A9848-6BCD-4277-99DA-11C63EC42BFE}.Debug|Any CPU.Build.0 = Debug|Any CPU
		{730A9848-6BCD-4277-99DA-11C63EC42BFE}.Debug|x64.ActiveCfg = Debug|Any CPU
		{730A9848-6BCD-4277-99DA-11C63EC42BFE}.Debug|x64.Build.0 = Debug|Any CPU
		{730A9848-6BCD-4277-99DA-11C63EC42BFE}.Debug|x86.ActiveCfg = Debug|Any CPU
		{730A9848-6BCD-4277-99DA-11C63EC42BFE}.Debug|x86.Build.0 = Debug|Any CPU
		{730A9848-6BCD-4277-99DA-11C63EC42BFE}.Release|Any CPU.ActiveCfg = Release|Any CPU
		{730A9848-6BCD-4277-99DA-11C63EC42BFE}.Release|Any CPU.Build.0 = Release|Any CPU
		{730A9848-6BCD-4277-99DA-11C63EC42BFE}.Release|x64.ActiveCfg = Release|Any CPU
		{730A9848-6BCD-4277-99DA-11C63EC42BFE}.Release|x64.Build.0 = Release|Any CPU
		{730A9848-6BCD-4277-99DA-11C63EC42BFE}.Release|x86.ActiveCfg = Release|Any CPU
		{730A9848-6BCD-4277-99DA-11C63EC42BFE}.Release|x86.Build.0 = Release|Any CPU
		{E2C0AF18-7F5D-4804-B2B9-FD4019529614}.Debug|Any CPU.ActiveCfg = Debug|Any CPU
		{E2C0AF18-7F5D-4804-B2B9-FD4019529614}.Debug|Any CPU.Build.0 = Debug|Any CPU
		{E2C0AF18-7F5D-4804-B2B9-FD4019529614}.Debug|x64.ActiveCfg = Debug|Any CPU
		{E2C0AF18-7F5D-4804-B2B9-FD4019529614}.Debug|x64.Build.0 = Debug|Any CPU
		{E2C0AF18-7F5D-4804-B2B9-FD4019529614}.Debug|x86.ActiveCfg = Debug|Any CPU
		{E2C0AF18-7F5D-4804-B2B9-FD4019529614}.Debug|x86.Build.0 = Debug|Any CPU
		{E2C0AF18-7F5D-4804-B2B9-FD4019529614}.Release|Any CPU.ActiveCfg = Release|Any CPU
		{E2C0AF18-7F5D-4804-B2B9-FD4019529614}.Release|Any CPU.Build.0 = Release|Any CPU
		{E2C0AF18-7F5D-4804-B2B9-FD4019529614}.Release|x64.ActiveCfg = Release|Any CPU
		{E2C0AF18-7F5D-4804-B2B9-FD4019529614}.Release|x64.Build.0 = Release|Any CPU
		{E2C0AF18-7F5D-4804-B2B9-FD4019529614}.Release|x86.ActiveCfg = Release|Any CPU
		{E2C0AF18-7F5D-4804-B2B9-FD4019529614}.Release|x86.Build.0 = Release|Any CPU
		{E284DF96-8F6A-41AD-AFB8-B9C66342A6AF}.Debug|Any CPU.ActiveCfg = Debug|Any CPU
		{E284DF96-8F6A-41AD-AFB8-B9C66342A6AF}.Debug|Any CPU.Build.0 = Debug|Any CPU
		{E284DF96-8F6A-41AD-AFB8-B9C66342A6AF}.Debug|x64.ActiveCfg = Debug|Any CPU
		{E284DF96-8F6A-41AD-AFB8-B9C66342A6AF}.Debug|x64.Build.0 = Debug|Any CPU
		{E284DF96-8F6A-41AD-AFB8-B9C66342A6AF}.Debug|x86.ActiveCfg = Debug|Any CPU
		{E284DF96-8F6A-41AD-AFB8-B9C66342A6AF}.Debug|x86.Build.0 = Debug|Any CPU
		{E284DF96-8F6A-41AD-AFB8-B9C66342A6AF}.Release|Any CPU.ActiveCfg = Release|Any CPU
		{E284DF96-8F6A-41AD-AFB8-B9C66342A6AF}.Release|Any CPU.Build.0 = Release|Any CPU
		{E284DF96-8F6A-41AD-AFB8-B9C66342A6AF}.Release|x64.ActiveCfg = Release|Any CPU
		{E284DF96-8F6A-41AD-AFB8-B9C66342A6AF}.Release|x64.Build.0 = Release|Any CPU
		{E284DF96-8F6A-41AD-AFB8-B9C66342A6AF}.Release|x86.ActiveCfg = Release|Any CPU
		{E284DF96-8F6A-41AD-AFB8-B9C66342A6AF}.Release|x86.Build.0 = Release|Any CPU
		{DE136BA6-89B6-43D7-824C-CC78AB43D112}.Debug|Any CPU.ActiveCfg = Debug|Any CPU
		{DE136BA6-89B6-43D7-824C-CC78AB43D112}.Debug|Any CPU.Build.0 = Debug|Any CPU
		{DE136BA6-89B6-43D7-824C-CC78AB43D112}.Debug|x64.ActiveCfg = Debug|Any CPU
		{DE136BA6-89B6-43D7-824C-CC78AB43D112}.Debug|x64.Build.0 = Debug|Any CPU
		{DE136BA6-89B6-43D7-824C-CC78AB43D112}.Debug|x86.ActiveCfg = Debug|Any CPU
		{DE136BA6-89B6-43D7-824C-CC78AB43D112}.Debug|x86.Build.0 = Debug|Any CPU
		{DE136BA6-89B6-43D7-824C-CC78AB43D112}.Release|Any CPU.ActiveCfg = Release|Any CPU
		{DE136BA6-89B6-43D7-824C-CC78AB43D112}.Release|Any CPU.Build.0 = Release|Any CPU
		{DE136BA6-89B6-43D7-824C-CC78AB43D112}.Release|x64.ActiveCfg = Release|Any CPU
		{DE136BA6-89B6-43D7-824C-CC78AB43D112}.Release|x64.Build.0 = Release|Any CPU
		{DE136BA6-89B6-43D7-824C-CC78AB43D112}.Release|x86.ActiveCfg = Release|Any CPU
		{DE136BA6-89B6-43D7-824C-CC78AB43D112}.Release|x86.Build.0 = Release|Any CPU
		{210499D3-1104-43DB-9BD0-BD73C4C3A23C}.Debug|Any CPU.ActiveCfg = Debug|Any CPU
		{210499D3-1104-43DB-9BD0-BD73C4C3A23C}.Debug|Any CPU.Build.0 = Debug|Any CPU
		{210499D3-1104-43DB-9BD0-BD73C4C3A23C}.Debug|x64.ActiveCfg = Debug|Any CPU
		{210499D3-1104-43DB-9BD0-BD73C4C3A23C}.Debug|x64.Build.0 = Debug|Any CPU
		{210499D3-1104-43DB-9BD0-BD73C4C3A23C}.Debug|x86.ActiveCfg = Debug|Any CPU
		{210499D3-1104-43DB-9BD0-BD73C4C3A23C}.Debug|x86.Build.0 = Debug|Any CPU
		{210499D3-1104-43DB-9BD0-BD73C4C3A23C}.Release|Any CPU.ActiveCfg = Release|Any CPU
		{210499D3-1104-43DB-9BD0-BD73C4C3A23C}.Release|Any CPU.Build.0 = Release|Any CPU
		{210499D3-1104-43DB-9BD0-BD73C4C3A23C}.Release|x64.ActiveCfg = Release|Any CPU
		{210499D3-1104-43DB-9BD0-BD73C4C3A23C}.Release|x64.Build.0 = Release|Any CPU
		{210499D3-1104-43DB-9BD0-BD73C4C3A23C}.Release|x86.ActiveCfg = Release|Any CPU
		{210499D3-1104-43DB-9BD0-BD73C4C3A23C}.Release|x86.Build.0 = Release|Any CPU
		{5C5CA262-F5C3-4E5F-BEE4-6E82FA355EE4}.Debug|Any CPU.ActiveCfg = Debug|Any CPU
		{5C5CA262-F5C3-4E5F-BEE4-6E82FA355EE4}.Debug|Any CPU.Build.0 = Debug|Any CPU
		{5C5CA262-F5C3-4E5F-BEE4-6E82FA355EE4}.Debug|x64.ActiveCfg = Debug|Any CPU
		{5C5CA262-F5C3-4E5F-BEE4-6E82FA355EE4}.Debug|x64.Build.0 = Debug|Any CPU
		{5C5CA262-F5C3-4E5F-BEE4-6E82FA355EE4}.Debug|x86.ActiveCfg = Debug|Any CPU
		{5C5CA262-F5C3-4E5F-BEE4-6E82FA355EE4}.Debug|x86.Build.0 = Debug|Any CPU
		{5C5CA262-F5C3-4E5F-BEE4-6E82FA355EE4}.Release|Any CPU.ActiveCfg = Release|Any CPU
		{5C5CA262-F5C3-4E5F-BEE4-6E82FA355EE4}.Release|Any CPU.Build.0 = Release|Any CPU
		{5C5CA262-F5C3-4E5F-BEE4-6E82FA355EE4}.Release|x64.ActiveCfg = Release|Any CPU
		{5C5CA262-F5C3-4E5F-BEE4-6E82FA355EE4}.Release|x64.Build.0 = Release|Any CPU
		{5C5CA262-F5C3-4E5F-BEE4-6E82FA355EE4}.Release|x86.ActiveCfg = Release|Any CPU
		{5C5CA262-F5C3-4E5F-BEE4-6E82FA355EE4}.Release|x86.Build.0 = Release|Any CPU
		{4C4A8B8E-C96C-4BAF-AAA7-D69C8ED6F891}.Debug|Any CPU.ActiveCfg = Debug|Any CPU
		{4C4A8B8E-C96C-4BAF-AAA7-D69C8ED6F891}.Debug|Any CPU.Build.0 = Debug|Any CPU
		{4C4A8B8E-C96C-4BAF-AAA7-D69C8ED6F891}.Debug|x64.ActiveCfg = Debug|Any CPU
		{4C4A8B8E-C96C-4BAF-AAA7-D69C8ED6F891}.Debug|x64.Build.0 = Debug|Any CPU
		{4C4A8B8E-C96C-4BAF-AAA7-D69C8ED6F891}.Debug|x86.ActiveCfg = Debug|Any CPU
		{4C4A8B8E-C96C-4BAF-AAA7-D69C8ED6F891}.Debug|x86.Build.0 = Debug|Any CPU
		{4C4A8B8E-C96C-4BAF-AAA7-D69C8ED6F891}.Release|Any CPU.ActiveCfg = Release|Any CPU
		{4C4A8B8E-C96C-4BAF-AAA7-D69C8ED6F891}.Release|Any CPU.Build.0 = Release|Any CPU
		{4C4A8B8E-C96C-4BAF-AAA7-D69C8ED6F891}.Release|x64.ActiveCfg = Release|Any CPU
		{4C4A8B8E-C96C-4BAF-AAA7-D69C8ED6F891}.Release|x64.Build.0 = Release|Any CPU
		{4C4A8B8E-C96C-4BAF-AAA7-D69C8ED6F891}.Release|x86.ActiveCfg = Release|Any CPU
		{4C4A8B8E-C96C-4BAF-AAA7-D69C8ED6F891}.Release|x86.Build.0 = Release|Any CPU
	EndGlobalSection
	GlobalSection(SolutionProperties) = preSolution
		HideSolutionNode = FALSE
	EndGlobalSection
	GlobalSection(NestedProjects) = preSolution
		{730A9848-6BCD-4277-99DA-11C63EC42BFE} = {827E0CD3-B72D-47B6-A68D-7590B98EB39B}
		{E2C0AF18-7F5D-4804-B2B9-FD4019529614} = {827E0CD3-B72D-47B6-A68D-7590B98EB39B}
		{E284DF96-8F6A-41AD-AFB8-B9C66342A6AF} = {827E0CD3-B72D-47B6-A68D-7590B98EB39B}
		{DE136BA6-89B6-43D7-824C-CC78AB43D112} = {827E0CD3-B72D-47B6-A68D-7590B98EB39B}
		{210499D3-1104-43DB-9BD0-BD73C4C3A23C} = {827E0CD3-B72D-47B6-A68D-7590B98EB39B}
		{5C5CA262-F5C3-4E5F-BEE4-6E82FA355EE4} = {827E0CD3-B72D-47B6-A68D-7590B98EB39B}
		{4C4A8B8E-C96C-4BAF-AAA7-D69C8ED6F891} = {827E0CD3-B72D-47B6-A68D-7590B98EB39B}
	EndGlobalSection
EndGlobal
